
Microsoft Visual Studio Solution File, Format Version 12.00
# Visual Studio Version 16
VisualStudioVersion = 16.0.30011.22
MinimumVisualStudioVersion = 10.0.40219.1
Project("{9A19103F-16F7-4668-BE54-9A1E7A4F7556}") = "Clock", "Clock\Clock.csproj", "{0C34A7F2-EDD2-4FB6-A4D8-BA1162D50F3E}"
EndProject
Project("{9A19103F-16F7-4668-BE54-9A1E7A4F7556}") = "Multiplication Table", "Multiplication Table\Multiplication Table.csproj", "{0BE68B9F-E057-4F85-8063-57CD4E64F183}"
EndProject
Project("{9A19103F-16F7-4668-BE54-9A1E7A4F7556}") = "Combinations", "Combinations\Combinations.csproj", "{6B9AC51B-57B4-44CB-B8D2-F70A91A71AFC}"
EndProject
Project("{9A19103F-16F7-4668-BE54-9A1E7A4F7556}") = "Sum of Two Numbers", "Sum of Two Numbers\Sum of Two Numbers.csproj", "{8044EF92-AAB5-4852-9E41-FC331A4A8BD8}"
EndProject
Project("{9A19103F-16F7-4668-BE54-9A1E7A4F7556}") = "Travelling", "Travelling\Travelling.csproj", "{18DC1B4B-65C9-49B8-A474-E2EBB0C0AF01}"
EndProject
Project("{FAE04EC0-301F-11D3-BF4B-00C04F79EFBC}") = "Number Pyramid", "Number Pyramid\Number Pyramid.csproj", "{7A2D8D75-F2E8-403A-8CC3-B24527ECEA49}"
EndProject
Global
	GlobalSection(SolutionConfigurationPlatforms) = preSolution
		Debug|Any CPU = Debug|Any CPU
		Release|Any CPU = Release|Any CPU
	EndGlobalSection
	GlobalSection(ProjectConfigurationPlatforms) = postSolution
		{0C34A7F2-EDD2-4FB6-A4D8-BA1162D50F3E}.Debug|Any CPU.ActiveCfg = Debug|Any CPU
		{0C34A7F2-EDD2-4FB6-A4D8-BA1162D50F3E}.Debug|Any CPU.Build.0 = Debug|Any CPU
		{0C34A7F2-EDD2-4FB6-A4D8-BA1162D50F3E}.Release|Any CPU.ActiveCfg = Release|Any CPU
		{0C34A7F2-EDD2-4FB6-A4D8-BA1162D50F3E}.Release|Any CPU.Build.0 = Release|Any CPU
		{0BE68B9F-E057-4F85-8063-57CD4E64F183}.Debug|Any CPU.ActiveCfg = Debug|Any CPU
		{0BE68B9F-E057-4F85-8063-57CD4E64F183}.Debug|Any CPU.Build.0 = Debug|Any CPU
		{0BE68B9F-E057-4F85-8063-57CD4E64F183}.Release|Any CPU.ActiveCfg = Release|Any CPU
		{0BE68B9F-E057-4F85-8063-57CD4E64F183}.Release|Any CPU.Build.0 = Release|Any CPU
		{6B9AC51B-57B4-44CB-B8D2-F70A91A71AFC}.Debug|Any CPU.ActiveCfg = Debug|Any CPU
		{6B9AC51B-57B4-44CB-B8D2-F70A91A71AFC}.Debug|Any CPU.Build.0 = Debug|Any CPU
		{6B9AC51B-57B4-44CB-B8D2-F70A91A71AFC}.Release|Any CPU.ActiveCfg = Release|Any CPU
		{6B9AC51B-57B4-44CB-B8D2-F70A91A71AFC}.Release|Any CPU.Build.0 = Release|Any CPU
		{8044EF92-AAB5-4852-9E41-FC331A4A8BD8}.Debug|Any CPU.ActiveCfg = Debug|Any CPU
		{8044EF92-AAB5-4852-9E41-FC331A4A8BD8}.Debug|Any CPU.Build.0 = Debug|Any CPU
		{8044EF92-AAB5-4852-9E41-FC331A4A8BD8}.Release|Any CPU.ActiveCfg = Release|Any CPU
		{8044EF92-AAB5-4852-9E41-FC331A4A8BD8}.Release|Any CPU.Build.0 = Release|Any CPU
		{18DC1B4B-65C9-49B8-A474-E2EBB0C0AF01}.Debug|Any CPU.ActiveCfg = Debug|Any CPU
		{18DC1B4B-65C9-49B8-A474-E2EBB0C0AF01}.Debug|Any CPU.Build.0 = Debug|Any CPU
		{18DC1B4B-65C9-49B8-A474-E2EBB0C0AF01}.Release|Any CPU.ActiveCfg = Release|Any CPU
		{18DC1B4B-65C9-49B8-A474-E2EBB0C0AF01}.Release|Any CPU.Build.0 = Release|Any CPU
		{7A2D8D75-F2E8-403A-8CC3-B24527ECEA49}.Debug|Any CPU.ActiveCfg = Debug|Any CPU
		{7A2D8D75-F2E8-403A-8CC3-B24527ECEA49}.Debug|Any CPU.Build.0 = Debug|Any CPU
		{7A2D8D75-F2E8-403A-8CC3-B24527ECEA49}.Release|Any CPU.ActiveCfg = Release|Any CPU
		{7A2D8D75-F2E8-403A-8CC3-B24527ECEA49}.Release|Any CPU.Build.0 = Release|Any CPU
	EndGlobalSection
	GlobalSection(SolutionProperties) = preSolution
		HideSolutionNode = FALSE
	EndGlobalSection
	GlobalSection(ExtensibilityGlobals) = postSolution
		SolutionGuid = {23F54521-3E47-4925-BADE-79682DC261D1}
	EndGlobalSection
EndGlobal
