
Microsoft Visual Studio Solution File, Format Version 12.00
# Visual Studio Version 16
VisualStudioVersion = 16.0.30011.22
MinimumVisualStudioVersion = 10.0.40219.1
Project("{9A19103F-16F7-4668-BE54-9A1E7A4F7556}") = "Old Books", "Old Books\Old Books.csproj", "{DE2F3519-17DE-4FD2-A6EB-C6B681C39B9D}"
EndProject
Project("{9A19103F-16F7-4668-BE54-9A1E7A4F7556}") = "Exam Preparation", "Exam Preparation\Exam Preparation.csproj", "{E7E5AFB8-770D-4465-9A84-A98FAE13CE44}"
EndProject
Project("{9A19103F-16F7-4668-BE54-9A1E7A4F7556}") = "Vacation", "Vacation\Vacation.csproj", "{3E662133-A0A2-48DE-B267-41EC2F1C9240}"
EndProject
Project("{9A19103F-16F7-4668-BE54-9A1E7A4F7556}") = "Walking", "Walking\Walking.csproj", "{E8663A4E-5E2A-45CB-8EC6-B39106549D17}"
EndProject
Project("{FAE04EC0-301F-11D3-BF4B-00C04F79EFBC}") = "Cake", "Cake\Cake.csproj", "{50E8A715-B762-403A-8EBE-54E9E2D16662}"
EndProject
Global
	GlobalSection(SolutionConfigurationPlatforms) = preSolution
		Debug|Any CPU = Debug|Any CPU
		Release|Any CPU = Release|Any CPU
	EndGlobalSection
	GlobalSection(ProjectConfigurationPlatforms) = postSolution
		{DE2F3519-17DE-4FD2-A6EB-C6B681C39B9D}.Debug|Any CPU.ActiveCfg = Debug|Any CPU
		{DE2F3519-17DE-4FD2-A6EB-C6B681C39B9D}.Debug|Any CPU.Build.0 = Debug|Any CPU
		{DE2F3519-17DE-4FD2-A6EB-C6B681C39B9D}.Release|Any CPU.ActiveCfg = Release|Any CPU
		{DE2F3519-17DE-4FD2-A6EB-C6B681C39B9D}.Release|Any CPU.Build.0 = Release|Any CPU
		{E7E5AFB8-770D-4465-9A84-A98FAE13CE44}.Debug|Any CPU.ActiveCfg = Debug|Any CPU
		{E7E5AFB8-770D-4465-9A84-A98FAE13CE44}.Debug|Any CPU.Build.0 = Debug|Any CPU
		{E7E5AFB8-770D-4465-9A84-A98FAE13CE44}.Release|Any CPU.ActiveCfg = Release|Any CPU
		{E7E5AFB8-770D-4465-9A84-A98FAE13CE44}.Release|Any CPU.Build.0 = Release|Any CPU
		{3E662133-A0A2-48DE-B267-41EC2F1C9240}.Debug|Any CPU.ActiveCfg = Debug|Any CPU
		{3E662133-A0A2-48DE-B267-41EC2F1C9240}.Debug|Any CPU.Build.0 = Debug|Any CPU
		{3E662133-A0A2-48DE-B267-41EC2F1C9240}.Release|Any CPU.ActiveCfg = Release|Any CPU
		{3E662133-A0A2-48DE-B267-41EC2F1C9240}.Release|Any CPU.Build.0 = Release|Any CPU
		{E8663A4E-5E2A-45CB-8EC6-B39106549D17}.Debug|Any CPU.ActiveCfg = Debug|Any CPU
		{E8663A4E-5E2A-45CB-8EC6-B39106549D17}.Debug|Any CPU.Build.0 = Debug|Any CPU
		{E8663A4E-5E2A-45CB-8EC6-B39106549D17}.Release|Any CPU.ActiveCfg = Release|Any CPU
		{E8663A4E-5E2A-45CB-8EC6-B39106549D17}.Release|Any CPU.Build.0 = Release|Any CPU
		{50E8A715-B762-403A-8EBE-54E9E2D16662}.Debug|Any CPU.ActiveCfg = Debug|Any CPU
		{50E8A715-B762-403A-8EBE-54E9E2D16662}.Debug|Any CPU.Build.0 = Debug|Any CPU
		{50E8A715-B762-403A-8EBE-54E9E2D16662}.Release|Any CPU.ActiveCfg = Release|Any CPU
		{50E8A715-B762-403A-8EBE-54E9E2D16662}.Release|Any CPU.Build.0 = Release|Any CPU
	EndGlobalSection
	GlobalSection(SolutionProperties) = preSolution
		HideSolutionNode = FALSE
	EndGlobalSection
	GlobalSection(ExtensibilityGlobals) = postSolution
		SolutionGuid = {8DDE4BFE-752A-4EF9-BD15-ADAB634F21D3}
	EndGlobalSection
EndGlobal
